
Microsoft Visual Studio Solution File, Format Version 12.00
# Visual Studio 15
VisualStudioVersion = 15.0.26124.0
MinimumVisualStudioVersion = 15.0.26124.0
Project("{2150E333-8FDC-42A3-9474-1A3956D46DE8}") = "FirstWord", "FirstWord", "{F138EE5C-62A7-499A-92B7-FC7A58D91C0E}"
EndProject
Project("{FAE04EC0-301F-11D3-BF4B-00C04F79EFBC}") = "lib", "FirstWord\lib\lib.csproj", "{94D1E9EB-E205-42A8-A2E9-3A057B58F7E4}"
EndProject
Project("{FAE04EC0-301F-11D3-BF4B-00C04F79EFBC}") = "test", "FirstWord\test\test.csproj", "{A0F351A2-73F4-4D67-96CD-D5698235400A}"
EndProject
Project("{2150E333-8FDC-42A3-9474-1A3956D46DE8}") = "NearestValue", "NearestValue", "{5842C3AE-B5F0-4731-8CC6-54EF850FE39C}"
EndProject
Project("{FAE04EC0-301F-11D3-BF4B-00C04F79EFBC}") = "lib", "NearestValue\lib\lib.csproj", "{DE14EFB5-8EA0-4A85-9329-4586EEB14AC9}"
EndProject
Project("{FAE04EC0-301F-11D3-BF4B-00C04F79EFBC}") = "test", "NearestValue\test\test.csproj", "{CF860B16-11E9-470D-957E-7BE6D09BD97E}"
EndProject
Project("{2150E333-8FDC-42A3-9474-1A3956D46DE8}") = "RightToLeft", "RightToLeft", "{60E3607C-D888-4E88-B812-5E24371723F3}"
EndProject
Project("{FAE04EC0-301F-11D3-BF4B-00C04F79EFBC}") = "lib", "RightToLeft\lib\lib.csproj", "{7485014A-9478-4BD5-BE7E-4ED4AF8F97D6}"
EndProject
Project("{FAE04EC0-301F-11D3-BF4B-00C04F79EFBC}") = "test", "RightToLeft\test\test.csproj", "{B24D6F93-0137-426C-850E-D16BFDC6D2CE}"
EndProject
Global
	GlobalSection(SolutionConfigurationPlatforms) = preSolution
		Debug|Any CPU = Debug|Any CPU
		Debug|x64 = Debug|x64
		Debug|x86 = Debug|x86
		Release|Any CPU = Release|Any CPU
		Release|x64 = Release|x64
		Release|x86 = Release|x86
	EndGlobalSection
	GlobalSection(SolutionProperties) = preSolution
		HideSolutionNode = FALSE
	EndGlobalSection
	GlobalSection(ProjectConfigurationPlatforms) = postSolution
		{94D1E9EB-E205-42A8-A2E9-3A057B58F7E4}.Debug|Any CPU.ActiveCfg = Debug|Any CPU
		{94D1E9EB-E205-42A8-A2E9-3A057B58F7E4}.Debug|Any CPU.Build.0 = Debug|Any CPU
		{94D1E9EB-E205-42A8-A2E9-3A057B58F7E4}.Debug|x64.ActiveCfg = Debug|Any CPU
		{94D1E9EB-E205-42A8-A2E9-3A057B58F7E4}.Debug|x64.Build.0 = Debug|Any CPU
		{94D1E9EB-E205-42A8-A2E9-3A057B58F7E4}.Debug|x86.ActiveCfg = Debug|Any CPU
		{94D1E9EB-E205-42A8-A2E9-3A057B58F7E4}.Debug|x86.Build.0 = Debug|Any CPU
		{94D1E9EB-E205-42A8-A2E9-3A057B58F7E4}.Release|Any CPU.ActiveCfg = Release|Any CPU
		{94D1E9EB-E205-42A8-A2E9-3A057B58F7E4}.Release|Any CPU.Build.0 = Release|Any CPU
		{94D1E9EB-E205-42A8-A2E9-3A057B58F7E4}.Release|x64.ActiveCfg = Release|Any CPU
		{94D1E9EB-E205-42A8-A2E9-3A057B58F7E4}.Release|x64.Build.0 = Release|Any CPU
		{94D1E9EB-E205-42A8-A2E9-3A057B58F7E4}.Release|x86.ActiveCfg = Release|Any CPU
		{94D1E9EB-E205-42A8-A2E9-3A057B58F7E4}.Release|x86.Build.0 = Release|Any CPU
		{A0F351A2-73F4-4D67-96CD-D5698235400A}.Debug|Any CPU.ActiveCfg = Debug|Any CPU
		{A0F351A2-73F4-4D67-96CD-D5698235400A}.Debug|Any CPU.Build.0 = Debug|Any CPU
		{A0F351A2-73F4-4D67-96CD-D5698235400A}.Debug|x64.ActiveCfg = Debug|Any CPU
		{A0F351A2-73F4-4D67-96CD-D5698235400A}.Debug|x64.Build.0 = Debug|Any CPU
		{A0F351A2-73F4-4D67-96CD-D5698235400A}.Debug|x86.ActiveCfg = Debug|Any CPU
		{A0F351A2-73F4-4D67-96CD-D5698235400A}.Debug|x86.Build.0 = Debug|Any CPU
		{A0F351A2-73F4-4D67-96CD-D5698235400A}.Release|Any CPU.ActiveCfg = Release|Any CPU
		{A0F351A2-73F4-4D67-96CD-D5698235400A}.Release|Any CPU.Build.0 = Release|Any CPU
		{A0F351A2-73F4-4D67-96CD-D5698235400A}.Release|x64.ActiveCfg = Release|Any CPU
		{A0F351A2-73F4-4D67-96CD-D5698235400A}.Release|x64.Build.0 = Release|Any CPU
		{A0F351A2-73F4-4D67-96CD-D5698235400A}.Release|x86.ActiveCfg = Release|Any CPU
		{A0F351A2-73F4-4D67-96CD-D5698235400A}.Release|x86.Build.0 = Release|Any CPU
		{DE14EFB5-8EA0-4A85-9329-4586EEB14AC9}.Debug|Any CPU.ActiveCfg = Debug|Any CPU
		{DE14EFB5-8EA0-4A85-9329-4586EEB14AC9}.Debug|Any CPU.Build.0 = Debug|Any CPU
		{DE14EFB5-8EA0-4A85-9329-4586EEB14AC9}.Debug|x64.ActiveCfg = Debug|Any CPU
		{DE14EFB5-8EA0-4A85-9329-4586EEB14AC9}.Debug|x64.Build.0 = Debug|Any CPU
		{DE14EFB5-8EA0-4A85-9329-4586EEB14AC9}.Debug|x86.ActiveCfg = Debug|Any CPU
		{DE14EFB5-8EA0-4A85-9329-4586EEB14AC9}.Debug|x86.Build.0 = Debug|Any CPU
		{DE14EFB5-8EA0-4A85-9329-4586EEB14AC9}.Release|Any CPU.ActiveCfg = Release|Any CPU
		{DE14EFB5-8EA0-4A85-9329-4586EEB14AC9}.Release|Any CPU.Build.0 = Release|Any CPU
		{DE14EFB5-8EA0-4A85-9329-4586EEB14AC9}.Release|x64.ActiveCfg = Release|Any CPU
		{DE14EFB5-8EA0-4A85-9329-4586EEB14AC9}.Release|x64.Build.0 = Release|Any CPU
		{DE14EFB5-8EA0-4A85-9329-4586EEB14AC9}.Release|x86.ActiveCfg = Release|Any CPU
		{DE14EFB5-8EA0-4A85-9329-4586EEB14AC9}.Release|x86.Build.0 = Release|Any CPU
		{CF860B16-11E9-470D-957E-7BE6D09BD97E}.Debug|Any CPU.ActiveCfg = Debug|Any CPU
		{CF860B16-11E9-470D-957E-7BE6D09BD97E}.Debug|Any CPU.Build.0 = Debug|Any CPU
		{CF860B16-11E9-470D-957E-7BE6D09BD97E}.Debug|x64.ActiveCfg = Debug|Any CPU
		{CF860B16-11E9-470D-957E-7BE6D09BD97E}.Debug|x64.Build.0 = Debug|Any CPU
		{CF860B16-11E9-470D-957E-7BE6D09BD97E}.Debug|x86.ActiveCfg = Debug|Any CPU
		{CF860B16-11E9-470D-957E-7BE6D09BD97E}.Debug|x86.Build.0 = Debug|Any CPU
		{CF860B16-11E9-470D-957E-7BE6D09BD97E}.Release|Any CPU.ActiveCfg = Release|Any CPU
		{CF860B16-11E9-470D-957E-7BE6D09BD97E}.Release|Any CPU.Build.0 = Release|Any CPU
		{CF860B16-11E9-470D-957E-7BE6D09BD97E}.Release|x64.ActiveCfg = Release|Any CPU
		{CF860B16-11E9-470D-957E-7BE6D09BD97E}.Release|x64.Build.0 = Release|Any CPU
		{CF860B16-11E9-470D-957E-7BE6D09BD97E}.Release|x86.ActiveCfg = Release|Any CPU
		{CF860B16-11E9-470D-957E-7BE6D09BD97E}.Release|x86.Build.0 = Release|Any CPU
		{7485014A-9478-4BD5-BE7E-4ED4AF8F97D6}.Debug|Any CPU.ActiveCfg = Debug|Any CPU
		{7485014A-9478-4BD5-BE7E-4ED4AF8F97D6}.Debug|Any CPU.Build.0 = Debug|Any CPU
		{7485014A-9478-4BD5-BE7E-4ED4AF8F97D6}.Debug|x64.ActiveCfg = Debug|Any CPU
		{7485014A-9478-4BD5-BE7E-4ED4AF8F97D6}.Debug|x64.Build.0 = Debug|Any CPU
		{7485014A-9478-4BD5-BE7E-4ED4AF8F97D6}.Debug|x86.ActiveCfg = Debug|Any CPU
		{7485014A-9478-4BD5-BE7E-4ED4AF8F97D6}.Debug|x86.Build.0 = Debug|Any CPU
		{7485014A-9478-4BD5-BE7E-4ED4AF8F97D6}.Release|Any CPU.ActiveCfg = Release|Any CPU
		{7485014A-9478-4BD5-BE7E-4ED4AF8F97D6}.Release|Any CPU.Build.0 = Release|Any CPU
		{7485014A-9478-4BD5-BE7E-4ED4AF8F97D6}.Release|x64.ActiveCfg = Release|Any CPU
		{7485014A-9478-4BD5-BE7E-4ED4AF8F97D6}.Release|x64.Build.0 = Release|Any CPU
		{7485014A-9478-4BD5-BE7E-4ED4AF8F97D6}.Release|x86.ActiveCfg = Release|Any CPU
		{7485014A-9478-4BD5-BE7E-4ED4AF8F97D6}.Release|x86.Build.0 = Release|Any CPU
		{B24D6F93-0137-426C-850E-D16BFDC6D2CE}.Debug|Any CPU.ActiveCfg = Debug|Any CPU
		{B24D6F93-0137-426C-850E-D16BFDC6D2CE}.Debug|Any CPU.Build.0 = Debug|Any CPU
		{B24D6F93-0137-426C-850E-D16BFDC6D2CE}.Debug|x64.ActiveCfg = Debug|Any CPU
		{B24D6F93-0137-426C-850E-D16BFDC6D2CE}.Debug|x64.Build.0 = Debug|Any CPU
		{B24D6F93-0137-426C-850E-D16BFDC6D2CE}.Debug|x86.ActiveCfg = Debug|Any CPU
		{B24D6F93-0137-426C-850E-D16BFDC6D2CE}.Debug|x86.Build.0 = Debug|Any CPU
		{B24D6F93-0137-426C-850E-D16BFDC6D2CE}.Release|Any CPU.ActiveCfg = Release|Any CPU
		{B24D6F93-0137-426C-850E-D16BFDC6D2CE}.Release|Any CPU.Build.0 = Release|Any CPU
		{B24D6F93-0137-426C-850E-D16BFDC6D2CE}.Release|x64.ActiveCfg = Release|Any CPU
		{B24D6F93-0137-426C-850E-D16BFDC6D2CE}.Release|x64.Build.0 = Release|Any CPU
		{B24D6F93-0137-426C-850E-D16BFDC6D2CE}.Release|x86.ActiveCfg = Release|Any CPU
		{B24D6F93-0137-426C-850E-D16BFDC6D2CE}.Release|x86.Build.0 = Release|Any CPU
	EndGlobalSection
	GlobalSection(NestedProjects) = preSolution
		{94D1E9EB-E205-42A8-A2E9-3A057B58F7E4} = {F138EE5C-62A7-499A-92B7-FC7A58D91C0E}
		{A0F351A2-73F4-4D67-96CD-D5698235400A} = {F138EE5C-62A7-499A-92B7-FC7A58D91C0E}
		{DE14EFB5-8EA0-4A85-9329-4586EEB14AC9} = {5842C3AE-B5F0-4731-8CC6-54EF850FE39C}
		{CF860B16-11E9-470D-957E-7BE6D09BD97E} = {5842C3AE-B5F0-4731-8CC6-54EF850FE39C}
		{7485014A-9478-4BD5-BE7E-4ED4AF8F97D6} = {60E3607C-D888-4E88-B812-5E24371723F3}
		{B24D6F93-0137-426C-850E-D16BFDC6D2CE} = {60E3607C-D888-4E88-B812-5E24371723F3}
	EndGlobalSection
EndGlobal
