
Microsoft Visual Studio Solution File, Format Version 12.00
# Visual Studio 15
VisualStudioVersion = 15.0.26124.0
MinimumVisualStudioVersion = 15.0.26124.0
Project("{FAE04EC0-301F-11D3-BF4B-00C04F79EFBC}") = "lib", "lib\lib.csproj", "{FBE6DBA1-21FB-4EB0-855D-D7ABF12A705B}"
EndProject
Project("{FAE04EC0-301F-11D3-BF4B-00C04F79EFBC}") = "test", "test\test.csproj", "{C95B4522-BC1E-42D7-B008-7485EDAAB529}"
EndProject
Global
	GlobalSection(SolutionConfigurationPlatforms) = preSolution
		Debug|Any CPU = Debug|Any CPU
		Debug|x64 = Debug|x64
		Debug|x86 = Debug|x86
		Release|Any CPU = Release|Any CPU
		Release|x64 = Release|x64
		Release|x86 = Release|x86
	EndGlobalSection
	GlobalSection(SolutionProperties) = preSolution
		HideSolutionNode = FALSE
	EndGlobalSection
	GlobalSection(ProjectConfigurationPlatforms) = postSolution
		{FBE6DBA1-21FB-4EB0-855D-D7ABF12A705B}.Debug|Any CPU.ActiveCfg = Debug|Any CPU
		{FBE6DBA1-21FB-4EB0-855D-D7ABF12A705B}.Debug|Any CPU.Build.0 = Debug|Any CPU
		{FBE6DBA1-21FB-4EB0-855D-D7ABF12A705B}.Debug|x64.ActiveCfg = Debug|Any CPU
		{FBE6DBA1-21FB-4EB0-855D-D7ABF12A705B}.Debug|x64.Build.0 = Debug|Any CPU
		{FBE6DBA1-21FB-4EB0-855D-D7ABF12A705B}.Debug|x86.ActiveCfg = Debug|Any CPU
		{FBE6DBA1-21FB-4EB0-855D-D7ABF12A705B}.Debug|x86.Build.0 = Debug|Any CPU
		{FBE6DBA1-21FB-4EB0-855D-D7ABF12A705B}.Release|Any CPU.ActiveCfg = Release|Any CPU
		{FBE6DBA1-21FB-4EB0-855D-D7ABF12A705B}.Release|Any CPU.Build.0 = Release|Any CPU
		{FBE6DBA1-21FB-4EB0-855D-D7ABF12A705B}.Release|x64.ActiveCfg = Release|Any CPU
		{FBE6DBA1-21FB-4EB0-855D-D7ABF12A705B}.Release|x64.Build.0 = Release|Any CPU
		{FBE6DBA1-21FB-4EB0-855D-D7ABF12A705B}.Release|x86.ActiveCfg = Release|Any CPU
		{FBE6DBA1-21FB-4EB0-855D-D7ABF12A705B}.Release|x86.Build.0 = Release|Any CPU
		{C95B4522-BC1E-42D7-B008-7485EDAAB529}.Debug|Any CPU.ActiveCfg = Debug|Any CPU
		{C95B4522-BC1E-42D7-B008-7485EDAAB529}.Debug|Any CPU.Build.0 = Debug|Any CPU
		{C95B4522-BC1E-42D7-B008-7485EDAAB529}.Debug|x64.ActiveCfg = Debug|Any CPU
		{C95B4522-BC1E-42D7-B008-7485EDAAB529}.Debug|x64.Build.0 = Debug|Any CPU
		{C95B4522-BC1E-42D7-B008-7485EDAAB529}.Debug|x86.ActiveCfg = Debug|Any CPU
		{C95B4522-BC1E-42D7-B008-7485EDAAB529}.Debug|x86.Build.0 = Debug|Any CPU
		{C95B4522-BC1E-42D7-B008-7485EDAAB529}.Release|Any CPU.ActiveCfg = Release|Any CPU
		{C95B4522-BC1E-42D7-B008-7485EDAAB529}.Release|Any CPU.Build.0 = Release|Any CPU
		{C95B4522-BC1E-42D7-B008-7485EDAAB529}.Release|x64.ActiveCfg = Release|Any CPU
		{C95B4522-BC1E-42D7-B008-7485EDAAB529}.Release|x64.Build.0 = Release|Any CPU
		{C95B4522-BC1E-42D7-B008-7485EDAAB529}.Release|x86.ActiveCfg = Release|Any CPU
		{C95B4522-BC1E-42D7-B008-7485EDAAB529}.Release|x86.Build.0 = Release|Any CPU
	EndGlobalSection
EndGlobal
